
Microsoft Visual Studio Solution File, Format Version 12.00
# Visual Studio Version 17
VisualStudioVersion = 17.5.002.0
MinimumVisualStudioVersion = 10.0.40219.1
Project("{9A19103F-16F7-4668-BE54-9A1E7A4F7556}") = "OpenFile", "OpenFile.csproj", "{618F2C85-7C65-42DC-BCD8-CFF39A85936A}"
EndProject
Global
	GlobalSection(SolutionConfigurationPlatforms) = preSolution
		Debug|Any CPU = Debug|Any CPU
		Release|Any CPU = Release|Any CPU
	EndGlobalSection
	GlobalSection(ProjectConfigurationPlatforms) = postSolution
		{618F2C85-7C65-42DC-BCD8-CFF39A85936A}.Debug|Any CPU.ActiveCfg = Debug|Any CPU
		{618F2C85-7C65-42DC-BCD8-CFF39A85936A}.Debug|Any CPU.Build.0 = Debug|Any CPU
		{618F2C85-7C65-42DC-BCD8-CFF39A85936A}.Release|Any CPU.ActiveCfg = Release|Any CPU
		{618F2C85-7C65-42DC-BCD8-CFF39A85936A}.Release|Any CPU.Build.0 = Release|Any CPU
	EndGlobalSection
	GlobalSection(SolutionProperties) = preSolution
		HideSolutionNode = FALSE
	EndGlobalSection
	GlobalSection(ExtensibilityGlobals) = postSolution
		SolutionGuid = {D70B14E8-4DA7-41B0-8773-0354D869F8AA}
	EndGlobalSection
EndGlobal
