
Microsoft Visual Studio Solution File, Format Version 12.00
# Visual Studio Version 17
VisualStudioVersion = 17.5.002.0
MinimumVisualStudioVersion = 10.0.40219.1
Project("{9A19103F-16F7-4668-BE54-9A1E7A4F7556}") = "HelloWorldLabel", "HelloWorldLabel.csproj", "{4751AE54-666A-4437-9C20-9B03CF5901A5}"
EndProject
Global
	GlobalSection(SolutionConfigurationPlatforms) = preSolution
		Debug|Any CPU = Debug|Any CPU
		Release|Any CPU = Release|Any CPU
	EndGlobalSection
	GlobalSection(ProjectConfigurationPlatforms) = postSolution
		{4751AE54-666A-4437-9C20-9B03CF5901A5}.Debug|Any CPU.ActiveCfg = Debug|Any CPU
		{4751AE54-666A-4437-9C20-9B03CF5901A5}.Debug|Any CPU.Build.0 = Debug|Any CPU
		{4751AE54-666A-4437-9C20-9B03CF5901A5}.Release|Any CPU.ActiveCfg = Release|Any CPU
		{4751AE54-666A-4437-9C20-9B03CF5901A5}.Release|Any CPU.Build.0 = Release|Any CPU
	EndGlobalSection
	GlobalSection(SolutionProperties) = preSolution
		HideSolutionNode = FALSE
	EndGlobalSection
	GlobalSection(ExtensibilityGlobals) = postSolution
		SolutionGuid = {9FDDA57E-6A1D-41F5-88FA-78D57CA69D6B}
	EndGlobalSection
EndGlobal
