
Microsoft Visual Studio Solution File, Format Version 12.00
# Visual Studio Version 17
VisualStudioVersion = 17.5.002.0
MinimumVisualStudioVersion = 10.0.40219.1
Project("{9A19103F-16F7-4668-BE54-9A1E7A4F7556}") = "Starrs", "Starrs.csproj", "{C387E1C5-7FEC-4321-A024-C2B238E60DA9}"
EndProject
Global
	GlobalSection(SolutionConfigurationPlatforms) = preSolution
		Debug|Any CPU = Debug|Any CPU
		Release|Any CPU = Release|Any CPU
	EndGlobalSection
	GlobalSection(ProjectConfigurationPlatforms) = postSolution
		{C387E1C5-7FEC-4321-A024-C2B238E60DA9}.Debug|Any CPU.ActiveCfg = Debug|Any CPU
		{C387E1C5-7FEC-4321-A024-C2B238E60DA9}.Debug|Any CPU.Build.0 = Debug|Any CPU
		{C387E1C5-7FEC-4321-A024-C2B238E60DA9}.Release|Any CPU.ActiveCfg = Release|Any CPU
		{C387E1C5-7FEC-4321-A024-C2B238E60DA9}.Release|Any CPU.Build.0 = Release|Any CPU
	EndGlobalSection
	GlobalSection(SolutionProperties) = preSolution
		HideSolutionNode = FALSE
	EndGlobalSection
	GlobalSection(ExtensibilityGlobals) = postSolution
		SolutionGuid = {748EEFE7-243E-43DF-BB30-CF060864CE84}
	EndGlobalSection
EndGlobal
