
Microsoft Visual Studio Solution File, Format Version 12.00
# Visual Studio Version 17
VisualStudioVersion = 17.5.002.0
MinimumVisualStudioVersion = 10.0.40219.1
Project("{9A19103F-16F7-4668-BE54-9A1E7A4F7556}") = "TextBoxWindow", "TextBoxWindow.csproj", "{0D7BD370-21C5-4F6B-9180-4DD8731F1ECF}"
EndProject
Global
	GlobalSection(SolutionConfigurationPlatforms) = preSolution
		Debug|Any CPU = Debug|Any CPU
		Release|Any CPU = Release|Any CPU
	EndGlobalSection
	GlobalSection(ProjectConfigurationPlatforms) = postSolution
		{0D7BD370-21C5-4F6B-9180-4DD8731F1ECF}.Debug|Any CPU.ActiveCfg = Debug|Any CPU
		{0D7BD370-21C5-4F6B-9180-4DD8731F1ECF}.Debug|Any CPU.Build.0 = Debug|Any CPU
		{0D7BD370-21C5-4F6B-9180-4DD8731F1ECF}.Release|Any CPU.ActiveCfg = Release|Any CPU
		{0D7BD370-21C5-4F6B-9180-4DD8731F1ECF}.Release|Any CPU.Build.0 = Release|Any CPU
	EndGlobalSection
	GlobalSection(SolutionProperties) = preSolution
		HideSolutionNode = FALSE
	EndGlobalSection
	GlobalSection(ExtensibilityGlobals) = postSolution
		SolutionGuid = {9FAF34C0-AB7A-4B09-8888-FA4C600F6A34}
	EndGlobalSection
EndGlobal
