
Microsoft Visual Studio Solution File, Format Version 12.00
# Visual Studio Version 17
VisualStudioVersion = 17.5.002.0
MinimumVisualStudioVersion = 10.0.40219.1
Project("{9A19103F-16F7-4668-BE54-9A1E7A4F7556}") = "GridWindow", "GridWindow.csproj", "{B0DEA8C3-E475-4A9D-B5C0-F3886080E2A3}"
EndProject
Global
	GlobalSection(SolutionConfigurationPlatforms) = preSolution
		Debug|Any CPU = Debug|Any CPU
		Release|Any CPU = Release|Any CPU
	EndGlobalSection
	GlobalSection(ProjectConfigurationPlatforms) = postSolution
		{B0DEA8C3-E475-4A9D-B5C0-F3886080E2A3}.Debug|Any CPU.ActiveCfg = Debug|Any CPU
		{B0DEA8C3-E475-4A9D-B5C0-F3886080E2A3}.Debug|Any CPU.Build.0 = Debug|Any CPU
		{B0DEA8C3-E475-4A9D-B5C0-F3886080E2A3}.Release|Any CPU.ActiveCfg = Release|Any CPU
		{B0DEA8C3-E475-4A9D-B5C0-F3886080E2A3}.Release|Any CPU.Build.0 = Release|Any CPU
	EndGlobalSection
	GlobalSection(SolutionProperties) = preSolution
		HideSolutionNode = FALSE
	EndGlobalSection
	GlobalSection(ExtensibilityGlobals) = postSolution
		SolutionGuid = {1615F23E-AAE8-4BDA-A276-DF62362B3E7D}
	EndGlobalSection
EndGlobal
