
Microsoft Visual Studio Solution File, Format Version 12.00
# Visual Studio Version 17
VisualStudioVersion = 17.5.002.0
MinimumVisualStudioVersion = 10.0.40219.1
Project("{9A19103F-16F7-4668-BE54-9A1E7A4F7556}") = "MultiWindowGraphics", "MultiWindowGraphics.csproj", "{F91A0B41-EA19-4BBB-B98F-1590C0FF79D1}"
EndProject
Global
	GlobalSection(SolutionConfigurationPlatforms) = preSolution
		Debug|Any CPU = Debug|Any CPU
		Release|Any CPU = Release|Any CPU
	EndGlobalSection
	GlobalSection(ProjectConfigurationPlatforms) = postSolution
		{F91A0B41-EA19-4BBB-B98F-1590C0FF79D1}.Debug|Any CPU.ActiveCfg = Debug|Any CPU
		{F91A0B41-EA19-4BBB-B98F-1590C0FF79D1}.Debug|Any CPU.Build.0 = Debug|Any CPU
		{F91A0B41-EA19-4BBB-B98F-1590C0FF79D1}.Release|Any CPU.ActiveCfg = Release|Any CPU
		{F91A0B41-EA19-4BBB-B98F-1590C0FF79D1}.Release|Any CPU.Build.0 = Release|Any CPU
	EndGlobalSection
	GlobalSection(SolutionProperties) = preSolution
		HideSolutionNode = FALSE
	EndGlobalSection
	GlobalSection(ExtensibilityGlobals) = postSolution
		SolutionGuid = {74ECE390-68A1-4DDF-B8AA-98B745360359}
	EndGlobalSection
EndGlobal
