
Microsoft Visual Studio Solution File, Format Version 12.00
# Visual Studio Version 17
VisualStudioVersion = 17.5.002.0
MinimumVisualStudioVersion = 10.0.40219.1
Project("{9A19103F-16F7-4668-BE54-9A1E7A4F7556}") = "HelloWorldWindow", "HelloWorldWindow.csproj", "{4A3E03E7-7320-4436-B7D9-30BEBE81CE2C}"
EndProject
Global
	GlobalSection(SolutionConfigurationPlatforms) = preSolution
		Debug|Any CPU = Debug|Any CPU
		Release|Any CPU = Release|Any CPU
	EndGlobalSection
	GlobalSection(ProjectConfigurationPlatforms) = postSolution
		{4A3E03E7-7320-4436-B7D9-30BEBE81CE2C}.Debug|Any CPU.ActiveCfg = Debug|Any CPU
		{4A3E03E7-7320-4436-B7D9-30BEBE81CE2C}.Debug|Any CPU.Build.0 = Debug|Any CPU
		{4A3E03E7-7320-4436-B7D9-30BEBE81CE2C}.Release|Any CPU.ActiveCfg = Release|Any CPU
		{4A3E03E7-7320-4436-B7D9-30BEBE81CE2C}.Release|Any CPU.Build.0 = Release|Any CPU
	EndGlobalSection
	GlobalSection(SolutionProperties) = preSolution
		HideSolutionNode = FALSE
	EndGlobalSection
	GlobalSection(ExtensibilityGlobals) = postSolution
		SolutionGuid = {E19C79E0-A1E0-48C2-AE8C-100AB1964EDF}
	EndGlobalSection
EndGlobal
