
Microsoft Visual Studio Solution File, Format Version 12.00
# Visual Studio Version 17
VisualStudioVersion = 17.5.002.0
MinimumVisualStudioVersion = 10.0.40219.1
Project("{9A19103F-16F7-4668-BE54-9A1E7A4F7556}") = "DrawSquareLines", "DrawSquareLines.csproj", "{511AF386-3FD6-442C-86B3-F18B19131002}"
EndProject
Global
	GlobalSection(SolutionConfigurationPlatforms) = preSolution
		Debug|Any CPU = Debug|Any CPU
		Release|Any CPU = Release|Any CPU
	EndGlobalSection
	GlobalSection(ProjectConfigurationPlatforms) = postSolution
		{511AF386-3FD6-442C-86B3-F18B19131002}.Debug|Any CPU.ActiveCfg = Debug|Any CPU
		{511AF386-3FD6-442C-86B3-F18B19131002}.Debug|Any CPU.Build.0 = Debug|Any CPU
		{511AF386-3FD6-442C-86B3-F18B19131002}.Release|Any CPU.ActiveCfg = Release|Any CPU
		{511AF386-3FD6-442C-86B3-F18B19131002}.Release|Any CPU.Build.0 = Release|Any CPU
	EndGlobalSection
	GlobalSection(SolutionProperties) = preSolution
		HideSolutionNode = FALSE
	EndGlobalSection
	GlobalSection(ExtensibilityGlobals) = postSolution
		SolutionGuid = {396130CB-72BD-41A4-8B67-F27CB69824C8}
	EndGlobalSection
EndGlobal
