
Microsoft Visual Studio Solution File, Format Version 12.00
# Visual Studio Version 17
VisualStudioVersion = 17.5.002.0
MinimumVisualStudioVersion = 10.0.40219.1
Project("{9A19103F-16F7-4668-BE54-9A1E7A4F7556}") = "Orbit", "Orbit.csproj", "{82968C00-40AE-4C24-8EA8-B3E10B006808}"
EndProject
Global
	GlobalSection(SolutionConfigurationPlatforms) = preSolution
		Debug|Any CPU = Debug|Any CPU
		Release|Any CPU = Release|Any CPU
	EndGlobalSection
	GlobalSection(ProjectConfigurationPlatforms) = postSolution
		{82968C00-40AE-4C24-8EA8-B3E10B006808}.Debug|Any CPU.ActiveCfg = Debug|Any CPU
		{82968C00-40AE-4C24-8EA8-B3E10B006808}.Debug|Any CPU.Build.0 = Debug|Any CPU
		{82968C00-40AE-4C24-8EA8-B3E10B006808}.Release|Any CPU.ActiveCfg = Release|Any CPU
		{82968C00-40AE-4C24-8EA8-B3E10B006808}.Release|Any CPU.Build.0 = Release|Any CPU
	EndGlobalSection
	GlobalSection(SolutionProperties) = preSolution
		HideSolutionNode = FALSE
	EndGlobalSection
	GlobalSection(ExtensibilityGlobals) = postSolution
		SolutionGuid = {D5125396-098F-49AB-8164-834212F93264}
	EndGlobalSection
EndGlobal
