
Microsoft Visual Studio Solution File, Format Version 12.00
# Visual Studio Version 17
VisualStudioVersion = 17.5.002.0
MinimumVisualStudioVersion = 10.0.40219.1
Project("{9A19103F-16F7-4668-BE54-9A1E7A4F7556}") = "DrawSquareLines", "DrawSquareLines.csproj", "{3F5BC9CF-D607-4819-A487-8F4C8F09503D}"
EndProject
Global
	GlobalSection(SolutionConfigurationPlatforms) = preSolution
		Debug|Any CPU = Debug|Any CPU
		Release|Any CPU = Release|Any CPU
	EndGlobalSection
	GlobalSection(ProjectConfigurationPlatforms) = postSolution
		{3F5BC9CF-D607-4819-A487-8F4C8F09503D}.Debug|Any CPU.ActiveCfg = Debug|Any CPU
		{3F5BC9CF-D607-4819-A487-8F4C8F09503D}.Debug|Any CPU.Build.0 = Debug|Any CPU
		{3F5BC9CF-D607-4819-A487-8F4C8F09503D}.Release|Any CPU.ActiveCfg = Release|Any CPU
		{3F5BC9CF-D607-4819-A487-8F4C8F09503D}.Release|Any CPU.Build.0 = Release|Any CPU
	EndGlobalSection
	GlobalSection(SolutionProperties) = preSolution
		HideSolutionNode = FALSE
	EndGlobalSection
	GlobalSection(ExtensibilityGlobals) = postSolution
		SolutionGuid = {D542C441-2905-4CBE-AA25-DF5958F67A67}
	EndGlobalSection
EndGlobal
