
Microsoft Visual Studio Solution File, Format Version 12.00
# Visual Studio Version 17
VisualStudioVersion = 17.5.002.0
MinimumVisualStudioVersion = 10.0.40219.1
Project("{9A19103F-16F7-4668-BE54-9A1E7A4F7556}") = "ImageRotation", "ImageRotation.csproj", "{1BC7748E-B046-477E-8C6A-C0BE9A24F906}"
EndProject
Global
	GlobalSection(SolutionConfigurationPlatforms) = preSolution
		Debug|Any CPU = Debug|Any CPU
		Release|Any CPU = Release|Any CPU
	EndGlobalSection
	GlobalSection(ProjectConfigurationPlatforms) = postSolution
		{1BC7748E-B046-477E-8C6A-C0BE9A24F906}.Debug|Any CPU.ActiveCfg = Debug|Any CPU
		{1BC7748E-B046-477E-8C6A-C0BE9A24F906}.Debug|Any CPU.Build.0 = Debug|Any CPU
		{1BC7748E-B046-477E-8C6A-C0BE9A24F906}.Release|Any CPU.ActiveCfg = Release|Any CPU
		{1BC7748E-B046-477E-8C6A-C0BE9A24F906}.Release|Any CPU.Build.0 = Release|Any CPU
	EndGlobalSection
	GlobalSection(SolutionProperties) = preSolution
		HideSolutionNode = FALSE
	EndGlobalSection
	GlobalSection(ExtensibilityGlobals) = postSolution
		SolutionGuid = {130186A9-D40D-4702-9E94-5DF6806084A2}
	EndGlobalSection
EndGlobal
