
Microsoft Visual Studio Solution File, Format Version 12.00
# Visual Studio Version 17
VisualStudioVersion = 17.5.002.0
MinimumVisualStudioVersion = 10.0.40219.1
Project("{9A19103F-16F7-4668-BE54-9A1E7A4F7556}") = "MultiThreading", "MultiThreading.csproj", "{58756405-759B-4F8A-9E71-7FA5CBD44711}"
EndProject
Global
	GlobalSection(SolutionConfigurationPlatforms) = preSolution
		Debug|Any CPU = Debug|Any CPU
		Release|Any CPU = Release|Any CPU
	EndGlobalSection
	GlobalSection(ProjectConfigurationPlatforms) = postSolution
		{58756405-759B-4F8A-9E71-7FA5CBD44711}.Debug|Any CPU.ActiveCfg = Debug|Any CPU
		{58756405-759B-4F8A-9E71-7FA5CBD44711}.Debug|Any CPU.Build.0 = Debug|Any CPU
		{58756405-759B-4F8A-9E71-7FA5CBD44711}.Release|Any CPU.ActiveCfg = Release|Any CPU
		{58756405-759B-4F8A-9E71-7FA5CBD44711}.Release|Any CPU.Build.0 = Release|Any CPU
	EndGlobalSection
	GlobalSection(SolutionProperties) = preSolution
		HideSolutionNode = FALSE
	EndGlobalSection
	GlobalSection(ExtensibilityGlobals) = postSolution
		SolutionGuid = {4091CD71-2E9C-4E09-8348-AFD1CD670941}
	EndGlobalSection
EndGlobal
