
Microsoft Visual Studio Solution File, Format Version 12.00
# Visual Studio Version 17
VisualStudioVersion = 17.5.002.0
MinimumVisualStudioVersion = 10.0.40219.1
Project("{9A19103F-16F7-4668-BE54-9A1E7A4F7556}") = "DockMenu", "DockMenu.csproj", "{E2F19574-16B7-475A-AB11-C7B043BCA1A3}"
EndProject
Global
	GlobalSection(SolutionConfigurationPlatforms) = preSolution
		Debug|Any CPU = Debug|Any CPU
		Release|Any CPU = Release|Any CPU
	EndGlobalSection
	GlobalSection(ProjectConfigurationPlatforms) = postSolution
		{E2F19574-16B7-475A-AB11-C7B043BCA1A3}.Debug|Any CPU.ActiveCfg = Debug|Any CPU
		{E2F19574-16B7-475A-AB11-C7B043BCA1A3}.Debug|Any CPU.Build.0 = Debug|Any CPU
		{E2F19574-16B7-475A-AB11-C7B043BCA1A3}.Release|Any CPU.ActiveCfg = Release|Any CPU
		{E2F19574-16B7-475A-AB11-C7B043BCA1A3}.Release|Any CPU.Build.0 = Release|Any CPU
	EndGlobalSection
	GlobalSection(SolutionProperties) = preSolution
		HideSolutionNode = FALSE
	EndGlobalSection
	GlobalSection(ExtensibilityGlobals) = postSolution
		SolutionGuid = {12D8AA77-B4BE-48E0-BE22-2D0BD8BD7274}
	EndGlobalSection
EndGlobal
